
Microsoft Visual Studio Solution File, Format Version 12.00
# Visual Studio Version 17
VisualStudioVersion = 17.11.35312.102
MinimumVisualStudioVersion = 10.0.40219.1
Project("{FAE04EC0-301F-11D3-BF4B-00C04F79EFBC}") = "BAL", "BAL\BAL.csproj", "{71DC41B2-E051-4F36-9206-1D3B2B8799B8}"
EndProject
Project("{FAE04EC0-301F-11D3-BF4B-00C04F79EFBC}") = "DAL", "DAL\DAL.csproj", "{E495AD78-004B-4071-AF3F-47B8D2ABF267}"
EndProject
Project("{FAE04EC0-301F-11D3-BF4B-00C04F79EFBC}") = "BEPeer", "BEPeer\BEPeer.csproj", "{27CBAF8F-2013-42FA-98AA-92808C745A76}"
EndProject
Global
	GlobalSection(SolutionConfigurationPlatforms) = preSolution
		Debug|Any CPU = Debug|Any CPU
		Release|Any CPU = Release|Any CPU
	EndGlobalSection
	GlobalSection(ProjectConfigurationPlatforms) = postSolution
		{71DC41B2-E051-4F36-9206-1D3B2B8799B8}.Debug|Any CPU.ActiveCfg = Debug|Any CPU
		{71DC41B2-E051-4F36-9206-1D3B2B8799B8}.Debug|Any CPU.Build.0 = Debug|Any CPU
		{71DC41B2-E051-4F36-9206-1D3B2B8799B8}.Release|Any CPU.ActiveCfg = Release|Any CPU
		{71DC41B2-E051-4F36-9206-1D3B2B8799B8}.Release|Any CPU.Build.0 = Release|Any CPU
		{E495AD78-004B-4071-AF3F-47B8D2ABF267}.Debug|Any CPU.ActiveCfg = Debug|Any CPU
		{E495AD78-004B-4071-AF3F-47B8D2ABF267}.Debug|Any CPU.Build.0 = Debug|Any CPU
		{E495AD78-004B-4071-AF3F-47B8D2ABF267}.Release|Any CPU.ActiveCfg = Release|Any CPU
		{E495AD78-004B-4071-AF3F-47B8D2ABF267}.Release|Any CPU.Build.0 = Release|Any CPU
		{27CBAF8F-2013-42FA-98AA-92808C745A76}.Debug|Any CPU.ActiveCfg = Debug|Any CPU
		{27CBAF8F-2013-42FA-98AA-92808C745A76}.Debug|Any CPU.Build.0 = Debug|Any CPU
		{27CBAF8F-2013-42FA-98AA-92808C745A76}.Release|Any CPU.ActiveCfg = Release|Any CPU
		{27CBAF8F-2013-42FA-98AA-92808C745A76}.Release|Any CPU.Build.0 = Release|Any CPU
	EndGlobalSection
	GlobalSection(SolutionProperties) = preSolution
		HideSolutionNode = FALSE
	EndGlobalSection
	GlobalSection(ExtensibilityGlobals) = postSolution
		SolutionGuid = {FA9C46BF-FF0E-492B-B69B-479B3EA74950}
	EndGlobalSection
EndGlobal
